
Microsoft Visual Studio Solution File, Format Version 12.00
# Visual Studio 15
VisualStudioVersion = 15.0.27703.2042
MinimumVisualStudioVersion = 10.0.40219.1
Project("{FAE04EC0-301F-11D3-BF4B-00C04F79EFBC}") = "Formas", "Formas\Formas.csproj", "{45826801-67C3-45B4-9DF0-9DDE5D90A099}"
EndProject
Project("{FAE04EC0-301F-11D3-BF4B-00C04F79EFBC}") = "WindowsFormas", "WindowsFormas\WindowsFormas.csproj", "{AB3554C3-5552-449E-AA08-0F84A7B2262C}"
EndProject
Global
	GlobalSection(SolutionConfigurationPlatforms) = preSolution
		Debug|Any CPU = Debug|Any CPU
		Release|Any CPU = Release|Any CPU
	EndGlobalSection
	GlobalSection(ProjectConfigurationPlatforms) = postSolution
		{45826801-67C3-45B4-9DF0-9DDE5D90A099}.Debug|Any CPU.ActiveCfg = Debug|Any CPU
		{45826801-67C3-45B4-9DF0-9DDE5D90A099}.Debug|Any CPU.Build.0 = Debug|Any CPU
		{45826801-67C3-45B4-9DF0-9DDE5D90A099}.Release|Any CPU.ActiveCfg = Release|Any CPU
		{45826801-67C3-45B4-9DF0-9DDE5D90A099}.Release|Any CPU.Build.0 = Release|Any CPU
		{AB3554C3-5552-449E-AA08-0F84A7B2262C}.Debug|Any CPU.ActiveCfg = Debug|Any CPU
		{AB3554C3-5552-449E-AA08-0F84A7B2262C}.Debug|Any CPU.Build.0 = Debug|Any CPU
		{AB3554C3-5552-449E-AA08-0F84A7B2262C}.Release|Any CPU.ActiveCfg = Release|Any CPU
		{AB3554C3-5552-449E-AA08-0F84A7B2262C}.Release|Any CPU.Build.0 = Release|Any CPU
	EndGlobalSection
	GlobalSection(SolutionProperties) = preSolution
		HideSolutionNode = FALSE
	EndGlobalSection
	GlobalSection(ExtensibilityGlobals) = postSolution
		SolutionGuid = {4DDDA9BB-434D-4580-8379-53EBC690E6D5}
	EndGlobalSection
EndGlobal
