
Microsoft Visual Studio Solution File, Format Version 12.00
# Visual Studio 15
VisualStudioVersion = 15.0.27703.2042
MinimumVisualStudioVersion = 10.0.40219.1
Project("{FAE04EC0-301F-11D3-BF4B-00C04F79EFBC}") = "DataAccess", "DataAccess\DataAccess.csproj", "{9580309B-2BE3-4057-B518-DFDA2FB279C4}"
EndProject
Project("{FAE04EC0-301F-11D3-BF4B-00C04F79EFBC}") = "Entities.Base", "Entities.Base\Entities.Base.csproj", "{9A0D0DC4-B255-42B9-88D3-DA0D5E7B022B}"
EndProject
Project("{FAE04EC0-301F-11D3-BF4B-00C04F79EFBC}") = "UI.Windows", "UI.Windows\UI.Windows.csproj", "{8D58355D-A6D0-4F01-B37B-3586EFCB48EE}"
EndProject
Global
	GlobalSection(SolutionConfigurationPlatforms) = preSolution
		Debug|Any CPU = Debug|Any CPU
		Release|Any CPU = Release|Any CPU
	EndGlobalSection
	GlobalSection(ProjectConfigurationPlatforms) = postSolution
		{9580309B-2BE3-4057-B518-DFDA2FB279C4}.Debug|Any CPU.ActiveCfg = Debug|Any CPU
		{9580309B-2BE3-4057-B518-DFDA2FB279C4}.Debug|Any CPU.Build.0 = Debug|Any CPU
		{9580309B-2BE3-4057-B518-DFDA2FB279C4}.Release|Any CPU.ActiveCfg = Release|Any CPU
		{9580309B-2BE3-4057-B518-DFDA2FB279C4}.Release|Any CPU.Build.0 = Release|Any CPU
		{9A0D0DC4-B255-42B9-88D3-DA0D5E7B022B}.Debug|Any CPU.ActiveCfg = Debug|Any CPU
		{9A0D0DC4-B255-42B9-88D3-DA0D5E7B022B}.Debug|Any CPU.Build.0 = Debug|Any CPU
		{9A0D0DC4-B255-42B9-88D3-DA0D5E7B022B}.Release|Any CPU.ActiveCfg = Release|Any CPU
		{9A0D0DC4-B255-42B9-88D3-DA0D5E7B022B}.Release|Any CPU.Build.0 = Release|Any CPU
		{8D58355D-A6D0-4F01-B37B-3586EFCB48EE}.Debug|Any CPU.ActiveCfg = Debug|Any CPU
		{8D58355D-A6D0-4F01-B37B-3586EFCB48EE}.Debug|Any CPU.Build.0 = Debug|Any CPU
		{8D58355D-A6D0-4F01-B37B-3586EFCB48EE}.Release|Any CPU.ActiveCfg = Release|Any CPU
		{8D58355D-A6D0-4F01-B37B-3586EFCB48EE}.Release|Any CPU.Build.0 = Release|Any CPU
	EndGlobalSection
	GlobalSection(SolutionProperties) = preSolution
		HideSolutionNode = FALSE
	EndGlobalSection
	GlobalSection(ExtensibilityGlobals) = postSolution
		SolutionGuid = {29D1A910-91B2-45D1-B2BA-891D7B843C54}
	EndGlobalSection
EndGlobal
