
Microsoft Visual Studio Solution File, Format Version 12.00
# Visual Studio 15
VisualStudioVersion = 15.0.27130.2026
MinimumVisualStudioVersion = 10.0.40219.1
Project("{FAE04EC0-301F-11D3-BF4B-00C04F79EFBC}") = "EF.CodeFirst.DataAcces", "EF.CodeFirst.DataAcces\EF.CodeFirst.DataAcces.csproj", "{71C2E29C-9ABC-4C9B-973C-8381DB876C2A}"
EndProject
Project("{2150E333-8FDC-42A3-9474-1A3956D46DE8}") = "CodeFirst", "CodeFirst", "{0FD01EB2-52EE-4C97-B6C2-B9689BF66349}"
EndProject
Project("{FAE04EC0-301F-11D3-BF4B-00C04F79EFBC}") = "EF.CodeFirst.Entities", "EF.CodeFirst.Entities\EF.CodeFirst.Entities.csproj", "{F5B53025-BFCD-43CF-BF6D-2FF10E473237}"
EndProject
Project("{2150E333-8FDC-42A3-9474-1A3956D46DE8}") = "CodeFirstData", "CodeFirstData", "{FCE4F64C-DCB7-4480-AC80-BC94053D850D}"
EndProject
Project("{FAE04EC0-301F-11D3-BF4B-00C04F79EFBC}") = "EF.CodeFirstData.DataAcces", "EF.CodeFirstData.DataAcces\EF.CodeFirstData.DataAcces.csproj", "{D0AC9C0C-136A-42B1-994F-ED16485F8B67}"
EndProject
Project("{FAE04EC0-301F-11D3-BF4B-00C04F79EFBC}") = "EF.CodeFirstData.Entities", "EF.CodeFirstData.Entities\EF.CodeFirstData.Entities.csproj", "{07703607-D8D1-48EF-A0D4-1ECBEB0941DF}"
EndProject
Project("{FAE04EC0-301F-11D3-BF4B-00C04F79EFBC}") = "EF.CodeFirstData.Windows", "EF.CodeFirstData.Windows\EF.CodeFirstData.Windows.csproj", "{A70E1319-2C0A-4ABD-BD7F-0A0B8B3364D8}"
EndProject
Project("{FAE04EC0-301F-11D3-BF4B-00C04F79EFBC}") = "Chinook.EF.CodeFirstData.DataAccesUnitTest", "Chinook.EF.CodeFirstData.DataAccesUnitTest\Chinook.EF.CodeFirstData.DataAccesUnitTest.csproj", "{01E1411A-795E-4FF9-BDA4-C5161882FE6D}"
EndProject
Global
	GlobalSection(SolutionConfigurationPlatforms) = preSolution
		Debug|Any CPU = Debug|Any CPU
		Release|Any CPU = Release|Any CPU
	EndGlobalSection
	GlobalSection(ProjectConfigurationPlatforms) = postSolution
		{71C2E29C-9ABC-4C9B-973C-8381DB876C2A}.Debug|Any CPU.ActiveCfg = Debug|Any CPU
		{71C2E29C-9ABC-4C9B-973C-8381DB876C2A}.Debug|Any CPU.Build.0 = Debug|Any CPU
		{71C2E29C-9ABC-4C9B-973C-8381DB876C2A}.Release|Any CPU.ActiveCfg = Release|Any CPU
		{71C2E29C-9ABC-4C9B-973C-8381DB876C2A}.Release|Any CPU.Build.0 = Release|Any CPU
		{F5B53025-BFCD-43CF-BF6D-2FF10E473237}.Debug|Any CPU.ActiveCfg = Debug|Any CPU
		{F5B53025-BFCD-43CF-BF6D-2FF10E473237}.Debug|Any CPU.Build.0 = Debug|Any CPU
		{F5B53025-BFCD-43CF-BF6D-2FF10E473237}.Release|Any CPU.ActiveCfg = Release|Any CPU
		{F5B53025-BFCD-43CF-BF6D-2FF10E473237}.Release|Any CPU.Build.0 = Release|Any CPU
		{D0AC9C0C-136A-42B1-994F-ED16485F8B67}.Debug|Any CPU.ActiveCfg = Debug|Any CPU
		{D0AC9C0C-136A-42B1-994F-ED16485F8B67}.Debug|Any CPU.Build.0 = Debug|Any CPU
		{D0AC9C0C-136A-42B1-994F-ED16485F8B67}.Release|Any CPU.ActiveCfg = Release|Any CPU
		{D0AC9C0C-136A-42B1-994F-ED16485F8B67}.Release|Any CPU.Build.0 = Release|Any CPU
		{07703607-D8D1-48EF-A0D4-1ECBEB0941DF}.Debug|Any CPU.ActiveCfg = Debug|Any CPU
		{07703607-D8D1-48EF-A0D4-1ECBEB0941DF}.Debug|Any CPU.Build.0 = Debug|Any CPU
		{07703607-D8D1-48EF-A0D4-1ECBEB0941DF}.Release|Any CPU.ActiveCfg = Release|Any CPU
		{07703607-D8D1-48EF-A0D4-1ECBEB0941DF}.Release|Any CPU.Build.0 = Release|Any CPU
		{A70E1319-2C0A-4ABD-BD7F-0A0B8B3364D8}.Debug|Any CPU.ActiveCfg = Debug|Any CPU
		{A70E1319-2C0A-4ABD-BD7F-0A0B8B3364D8}.Debug|Any CPU.Build.0 = Debug|Any CPU
		{A70E1319-2C0A-4ABD-BD7F-0A0B8B3364D8}.Release|Any CPU.ActiveCfg = Release|Any CPU
		{A70E1319-2C0A-4ABD-BD7F-0A0B8B3364D8}.Release|Any CPU.Build.0 = Release|Any CPU
		{01E1411A-795E-4FF9-BDA4-C5161882FE6D}.Debug|Any CPU.ActiveCfg = Debug|Any CPU
		{01E1411A-795E-4FF9-BDA4-C5161882FE6D}.Debug|Any CPU.Build.0 = Debug|Any CPU
		{01E1411A-795E-4FF9-BDA4-C5161882FE6D}.Release|Any CPU.ActiveCfg = Release|Any CPU
		{01E1411A-795E-4FF9-BDA4-C5161882FE6D}.Release|Any CPU.Build.0 = Release|Any CPU
	EndGlobalSection
	GlobalSection(SolutionProperties) = preSolution
		HideSolutionNode = FALSE
	EndGlobalSection
	GlobalSection(NestedProjects) = preSolution
		{71C2E29C-9ABC-4C9B-973C-8381DB876C2A} = {0FD01EB2-52EE-4C97-B6C2-B9689BF66349}
		{F5B53025-BFCD-43CF-BF6D-2FF10E473237} = {0FD01EB2-52EE-4C97-B6C2-B9689BF66349}
		{D0AC9C0C-136A-42B1-994F-ED16485F8B67} = {FCE4F64C-DCB7-4480-AC80-BC94053D850D}
		{07703607-D8D1-48EF-A0D4-1ECBEB0941DF} = {FCE4F64C-DCB7-4480-AC80-BC94053D850D}
		{A70E1319-2C0A-4ABD-BD7F-0A0B8B3364D8} = {FCE4F64C-DCB7-4480-AC80-BC94053D850D}
		{01E1411A-795E-4FF9-BDA4-C5161882FE6D} = {FCE4F64C-DCB7-4480-AC80-BC94053D850D}
	EndGlobalSection
	GlobalSection(ExtensibilityGlobals) = postSolution
		SolutionGuid = {4DD68149-CE36-4D25-8509-F7026EF7F914}
	EndGlobalSection
EndGlobal
